
Microsoft Visual Studio Solution File, Format Version 12.00
# Visual Studio Version 17
VisualStudioVersion = 17.11.35222.181
MinimumVisualStudioVersion = 10.0.40219.1
Project("{FAE04EC0-301F-11D3-BF4B-00C04F79EFBC}") = "KasperMicroMath", "KasperMicroMath\KasperMicroMath.csproj", "{99ABB019-7F45-43FA-804F-493EE8D53423}"
EndProject
Global
	GlobalSection(SolutionConfigurationPlatforms) = preSolution
		Debug|Any CPU = Debug|Any CPU
		Release|Any CPU = Release|Any CPU
	EndGlobalSection
	GlobalSection(ProjectConfigurationPlatforms) = postSolution
		{99ABB019-7F45-43FA-804F-493EE8D53423}.Debug|Any CPU.ActiveCfg = Debug|Any CPU
		{99ABB019-7F45-43FA-804F-493EE8D53423}.Debug|Any CPU.Build.0 = Debug|Any CPU
		{99ABB019-7F45-43FA-804F-493EE8D53423}.Release|Any CPU.ActiveCfg = Release|Any CPU
		{99ABB019-7F45-43FA-804F-493EE8D53423}.Release|Any CPU.Build.0 = Release|Any CPU
	EndGlobalSection
	GlobalSection(SolutionProperties) = preSolution
		HideSolutionNode = FALSE
	EndGlobalSection
	GlobalSection(ExtensibilityGlobals) = postSolution
		SolutionGuid = {B2739678-5976-490D-81A8-E632DEC22678}
	EndGlobalSection
EndGlobal
